
Microsoft Visual Studio Solution File, Format Version 12.00
# Visual Studio 15
VisualStudioVersion = 15.0.28307.102
MinimumVisualStudioVersion = 10.0.40219.1
Project("{FAE04EC0-301F-11D3-BF4B-00C04F79EFBC}") = "JFClient", "JFClient\JFClient.csproj", "{AE4EAC82-D8D5-4431-8CE4-AEA664FB4F26}"
EndProject
Project("{FAE04EC0-301F-11D3-BF4B-00C04F79EFBC}") = "JFServer", "JFServer\JFServer.csproj", "{8A642CEF-BFCC-48E8-923D-2852555EB239}"
EndProject
Project("{FAE04EC0-301F-11D3-BF4B-00C04F79EFBC}") = "JFManager", "JFManager\JFManager.csproj", "{F95F8B88-FD02-4103-A25B-89F12B5389B8}"
EndProject
Global
	GlobalSection(SolutionConfigurationPlatforms) = preSolution
		Debug|Any CPU = Debug|Any CPU
		Release|Any CPU = Release|Any CPU
	EndGlobalSection
	GlobalSection(ProjectConfigurationPlatforms) = postSolution
		{AE4EAC82-D8D5-4431-8CE4-AEA664FB4F26}.Debug|Any CPU.ActiveCfg = Debug|Any CPU
		{AE4EAC82-D8D5-4431-8CE4-AEA664FB4F26}.Debug|Any CPU.Build.0 = Debug|Any CPU
		{AE4EAC82-D8D5-4431-8CE4-AEA664FB4F26}.Release|Any CPU.ActiveCfg = Release|Any CPU
		{AE4EAC82-D8D5-4431-8CE4-AEA664FB4F26}.Release|Any CPU.Build.0 = Release|Any CPU
		{8A642CEF-BFCC-48E8-923D-2852555EB239}.Debug|Any CPU.ActiveCfg = Debug|Any CPU
		{8A642CEF-BFCC-48E8-923D-2852555EB239}.Debug|Any CPU.Build.0 = Debug|Any CPU
		{8A642CEF-BFCC-48E8-923D-2852555EB239}.Release|Any CPU.ActiveCfg = Release|Any CPU
		{8A642CEF-BFCC-48E8-923D-2852555EB239}.Release|Any CPU.Build.0 = Release|Any CPU
		{F95F8B88-FD02-4103-A25B-89F12B5389B8}.Debug|Any CPU.ActiveCfg = Debug|Any CPU
		{F95F8B88-FD02-4103-A25B-89F12B5389B8}.Debug|Any CPU.Build.0 = Debug|Any CPU
		{F95F8B88-FD02-4103-A25B-89F12B5389B8}.Release|Any CPU.ActiveCfg = Release|Any CPU
		{F95F8B88-FD02-4103-A25B-89F12B5389B8}.Release|Any CPU.Build.0 = Release|Any CPU
	EndGlobalSection
	GlobalSection(SolutionProperties) = preSolution
		HideSolutionNode = FALSE
	EndGlobalSection
	GlobalSection(ExtensibilityGlobals) = postSolution
		SolutionGuid = {84A321FC-F17C-4A9B-841C-8D17F39DF90C}
	EndGlobalSection
EndGlobal
